
Microsoft Visual Studio Solution File, Format Version 12.00
# Visual Studio 15
Project("{FAE04EC0-301F-11D3-BF4B-00C04F79EFBC}") = "Unity.Timeline", "Unity.Timeline.csproj", "{931B1481-087B-7148-683A-98E98FE0A4FE}"
EndProject
Project("{FAE04EC0-301F-11D3-BF4B-00C04F79EFBC}") = "Unity.Timeline.Editor", "Unity.Timeline.Editor.csproj", "{E68CA1C8-32F8-8682-79C6-C7B98F37CC4D}"
EndProject
Project("{FAE04EC0-301F-11D3-BF4B-00C04F79EFBC}") = "Unity.TextMeshPro.Editor", "Unity.TextMeshPro.Editor.csproj", "{A3BFC3A5-C016-CC08-D1E6-A01B62E937E4}"
EndProject
Project("{FAE04EC0-301F-11D3-BF4B-00C04F79EFBC}") = "BehaviourAPI.UnityToolkit", "BehaviourAPI.UnityToolkit.csproj", "{E331B918-B91A-5F9A-F283-EC7C40F5957D}"
EndProject
Project("{FAE04EC0-301F-11D3-BF4B-00C04F79EFBC}") = "Unity.VisualScripting.Flow", "Unity.VisualScripting.Flow.csproj", "{CAD89D19-F2CC-B93F-84AD-CC0DD1F9BA64}"
EndProject
Project("{FAE04EC0-301F-11D3-BF4B-00C04F79EFBC}") = "UnityEditor.UI", "UnityEditor.UI.csproj", "{54D6C7CD-4122-8E0A-A61E-31C7E4BEE88E}"
EndProject
Project("{FAE04EC0-301F-11D3-BF4B-00C04F79EFBC}") = "Unity.PlasticSCM.Editor", "Unity.PlasticSCM.Editor.csproj", "{457C3572-0A1C-35C2-5F2A-38210B15E188}"
EndProject
Project("{FAE04EC0-301F-11D3-BF4B-00C04F79EFBC}") = "Unity.VisualScripting.Core", "Unity.VisualScripting.Core.csproj", "{10043446-4F7D-1BB7-2289-4FE222AFFD53}"
EndProject
Project("{FAE04EC0-301F-11D3-BF4B-00C04F79EFBC}") = "Unity.VisualScripting.Core.Editor", "Unity.VisualScripting.Core.Editor.csproj", "{1C42B042-6BF2-6663-2942-E12ABA4AB438}"
EndProject
Project("{FAE04EC0-301F-11D3-BF4B-00C04F79EFBC}") = "Unity.VisualScripting.Flow.Editor", "Unity.VisualScripting.Flow.Editor.csproj", "{3D06AF27-F03E-CA1F-2F9D-FA7E68863701}"
EndProject
Project("{FAE04EC0-301F-11D3-BF4B-00C04F79EFBC}") = "UnityEditor.TestRunner", "UnityEditor.TestRunner.csproj", "{6B87CD37-DDED-D32A-F238-2FDDCF90AC03}"
EndProject
Project("{FAE04EC0-301F-11D3-BF4B-00C04F79EFBC}") = "Unity.VisualScripting.SettingsProvider.Editor", "Unity.VisualScripting.SettingsProvider.Editor.csproj", "{2B2491E3-F6E8-C90D-B9D4-C4A472162A2A}"
EndProject
Project("{FAE04EC0-301F-11D3-BF4B-00C04F79EFBC}") = "UnityEngine.TestRunner", "UnityEngine.TestRunner.csproj", "{7642F6EA-76C2-5544-CBBE-A443648CAD44}"
EndProject
Project("{FAE04EC0-301F-11D3-BF4B-00C04F79EFBC}") = "BehaviourAPI.Core", "BehaviourAPI.Core.csproj", "{BEE83388-7972-A04C-76A8-9FC6E6ACFD2C}"
EndProject
Project("{FAE04EC0-301F-11D3-BF4B-00C04F79EFBC}") = "BehaviourAPI.UnityToolkit.GUIDesigner.Editor", "BehaviourAPI.UnityToolkit.GUIDesigner.Editor.csproj", "{7647B0EE-3882-65DD-D5DE-D82C7943EE9C}"
EndProject
Project("{FAE04EC0-301F-11D3-BF4B-00C04F79EFBC}") = "BehaviourAPI.SmartObjects", "BehaviourAPI.SmartObjects.csproj", "{D9EA7659-02F7-7D65-E93E-BD2E021485A7}"
EndProject
Project("{FAE04EC0-301F-11D3-BF4B-00C04F79EFBC}") = "BehaviourAPI.BehaviourTrees", "BehaviourAPI.BehaviourTrees.csproj", "{3022C079-9306-1E8B-7450-773511BF0A1E}"
EndProject
Project("{FAE04EC0-301F-11D3-BF4B-00C04F79EFBC}") = "UnityEngine.UI", "UnityEngine.UI.csproj", "{83D4B752-F600-1872-48BF-0A5126639F39}"
EndProject
Project("{FAE04EC0-301F-11D3-BF4B-00C04F79EFBC}") = "BehaviourAPI.UnityToolkit.GUIDesigner.Framework", "BehaviourAPI.UnityToolkit.GUIDesigner.Framework.csproj", "{5916DCB6-A09A-78BF-3430-413ADB40F88C}"
EndProject
Project("{FAE04EC0-301F-11D3-BF4B-00C04F79EFBC}") = "Assembly-CSharp", "Assembly-CSharp.csproj", "{B9185AED-41EF-1653-056A-D80594983A88}"
EndProject
Project("{FAE04EC0-301F-11D3-BF4B-00C04F79EFBC}") = "Unity.VisualStudio.Editor", "Unity.VisualStudio.Editor.csproj", "{210DA1C6-C7AD-C4F7-1F37-55867B2E8069}"
EndProject
Project("{FAE04EC0-301F-11D3-BF4B-00C04F79EFBC}") = "Unity.TestTools.CodeCoverage.Editor.OpenCover.Model", "Unity.TestTools.CodeCoverage.Editor.OpenCover.Model.csproj", "{3E897B5D-7065-7623-2008-31B45A211E55}"
EndProject
Project("{FAE04EC0-301F-11D3-BF4B-00C04F79EFBC}") = "Unity.Rider.Editor", "Unity.Rider.Editor.csproj", "{D1407BB7-E919-DD28-A1F2-0ED7F3DAA9BB}"
EndProject
Project("{FAE04EC0-301F-11D3-BF4B-00C04F79EFBC}") = "Unity.VisualScripting.State.Editor", "Unity.VisualScripting.State.Editor.csproj", "{858688A1-4526-CE58-6273-B4CEC43ED0F1}"
EndProject
Project("{FAE04EC0-301F-11D3-BF4B-00C04F79EFBC}") = "Unity.TestTools.CodeCoverage.Editor", "Unity.TestTools.CodeCoverage.Editor.csproj", "{B9CDF1F1-748A-852B-098E-D70C0C2CA7CD}"
EndProject
Project("{FAE04EC0-301F-11D3-BF4B-00C04F79EFBC}") = "Unity.VisualScripting.State", "Unity.VisualScripting.State.csproj", "{D3FF223D-46BA-3C3A-1D99-C6E41110B99C}"
EndProject
Project("{FAE04EC0-301F-11D3-BF4B-00C04F79EFBC}") = "Unity.TextMeshPro", "Unity.TextMeshPro.csproj", "{4D472570-7644-D783-0865-BB83EC5ED87A}"
EndProject
Project("{FAE04EC0-301F-11D3-BF4B-00C04F79EFBC}") = "Unity.Performance.Profile-Analyzer.Editor", "Unity.Performance.Profile-Analyzer.Editor.csproj", "{15F0A371-2990-84B1-4B9A-E06ECDD930A1}"
EndProject
Project("{FAE04EC0-301F-11D3-BF4B-00C04F79EFBC}") = "BehaviourAPI.UnityToolkit.GUIDesigner.Runtime", "BehaviourAPI.UnityToolkit.GUIDesigner.Runtime.csproj", "{C450AE57-9514-5FCC-D96B-CE488D8C37C8}"
EndProject
Project("{FAE04EC0-301F-11D3-BF4B-00C04F79EFBC}") = "Unity.VSCode.Editor", "Unity.VSCode.Editor.csproj", "{283EF4F3-4EFE-C5E8-42CE-F3CE4CCE68B0}"
EndProject
Project("{FAE04EC0-301F-11D3-BF4B-00C04F79EFBC}") = "BehaviourAPI.StateMachines", "BehaviourAPI.StateMachines.csproj", "{73CCB4A2-883D-D6CA-50FA-989E4E56CF13}"
EndProject
Project("{FAE04EC0-301F-11D3-BF4B-00C04F79EFBC}") = "Unity.TestTools.CodeCoverage.Editor.OpenCover.Mono.Reflection", "Unity.TestTools.CodeCoverage.Editor.OpenCover.Mono.Reflection.csproj", "{4304729B-896A-53A8-C49D-88AB7A7730FA}"
EndProject
Project("{FAE04EC0-301F-11D3-BF4B-00C04F79EFBC}") = "BehaviourAPI.UtilitySystems", "BehaviourAPI.UtilitySystems.csproj", "{8996D9BA-26F2-D302-E872-1F0DAF866680}"
EndProject
Project("{FAE04EC0-301F-11D3-BF4B-00C04F79EFBC}") = "Unity.Settings.Editor", "Unity.Settings.Editor.csproj", "{EAB9F500-3BC2-60D4-A301-D710D6323A8D}"
EndProject
Project("{FAE04EC0-301F-11D3-BF4B-00C04F79EFBC}") = "BehaviourAPI.UnityToolkit.Editor", "BehaviourAPI.UnityToolkit.Editor.csproj", "{9F623606-7C3C-4A63-FC6B-368E05DF9343}"
EndProject
Project("{FAE04EC0-301F-11D3-BF4B-00C04F79EFBC}") = "Unity.EditorCoroutines.Editor", "Unity.EditorCoroutines.Editor.csproj", "{2B160D92-5E14-E45E-F554-BE2C7C05D4E0}"
EndProject
Project("{FAE04EC0-301F-11D3-BF4B-00C04F79EFBC}") = "Unity.VisualScripting.Shared.Editor", "Unity.VisualScripting.Shared.Editor.csproj", "{8546E589-F147-2033-313F-5556BFE5479A}"
EndProject
Project("{FAE04EC0-301F-11D3-BF4B-00C04F79EFBC}") = "Unity.CollabProxy.Editor", "Unity.CollabProxy.Editor.csproj", "{305BEAA6-5725-5CC8-1931-4A0740C14910}"
EndProject
Project("{FAE04EC0-301F-11D3-BF4B-00C04F79EFBC}") = "Unity.Timeline", "Unity.Timeline.Player.csproj", "{8AE8BF6A-0C76-9343-787C-170689D916EA}"
EndProject
Project("{FAE04EC0-301F-11D3-BF4B-00C04F79EFBC}") = "BehaviourAPI.UnityToolkit", "BehaviourAPI.UnityToolkit.Player.csproj", "{6AD2663D-2DE0-6017-6D64-D90CF1C80798}"
EndProject
Project("{FAE04EC0-301F-11D3-BF4B-00C04F79EFBC}") = "Unity.VisualScripting.Flow", "Unity.VisualScripting.Flow.Player.csproj", "{F6FB9271-C08D-B4CB-5B26-6A08249E4BD2}"
EndProject
Project("{FAE04EC0-301F-11D3-BF4B-00C04F79EFBC}") = "Unity.VisualScripting.Core", "Unity.VisualScripting.Core.Player.csproj", "{4BF09F49-D683-001E-CD41-5FFD14D841E7}"
EndProject
Project("{FAE04EC0-301F-11D3-BF4B-00C04F79EFBC}") = "UnityEngine.TestRunner", "UnityEngine.TestRunner.Player.csproj", "{6D04AD85-ABD7-0838-55BA-A3A7ED0F2EF2}"
EndProject
Project("{FAE04EC0-301F-11D3-BF4B-00C04F79EFBC}") = "BehaviourAPI.Core", "BehaviourAPI.Core.Player.csproj", "{A69E57DD-3EBC-44F1-09A0-ED1B2FC765C3}"
EndProject
Project("{FAE04EC0-301F-11D3-BF4B-00C04F79EFBC}") = "BehaviourAPI.UnityToolkit.GUIDesigner.Editor", "BehaviourAPI.UnityToolkit.GUIDesigner.Editor.Player.csproj", "{3AC45D7E-FBE2-BD78-2A7B-AFCDD389E5DB}"
EndProject
Project("{FAE04EC0-301F-11D3-BF4B-00C04F79EFBC}") = "BehaviourAPI.SmartObjects", "BehaviourAPI.SmartObjects.Player.csproj", "{D8BCB6B9-0690-216B-86EC-B93E668CE4E4}"
EndProject
Project("{FAE04EC0-301F-11D3-BF4B-00C04F79EFBC}") = "BehaviourAPI.BehaviourTrees", "BehaviourAPI.BehaviourTrees.Player.csproj", "{CC28EA6E-564A-6BE3-4AF9-D0467C8D2448}"
EndProject
Project("{FAE04EC0-301F-11D3-BF4B-00C04F79EFBC}") = "UnityEngine.UI", "UnityEngine.UI.Player.csproj", "{35D74DFF-D2B5-CF51-0210-28F667B06B22}"
EndProject
Project("{FAE04EC0-301F-11D3-BF4B-00C04F79EFBC}") = "BehaviourAPI.UnityToolkit.GUIDesigner.Framework", "BehaviourAPI.UnityToolkit.GUIDesigner.Framework.Player.csproj", "{7D0B09E6-34F0-17CF-5773-26875EFEA741}"
EndProject
Project("{FAE04EC0-301F-11D3-BF4B-00C04F79EFBC}") = "Assembly-CSharp", "Assembly-CSharp.Player.csproj", "{652CB0A3-4AC2-A6BD-8F32-D8ADD9AF2106}"
EndProject
Project("{FAE04EC0-301F-11D3-BF4B-00C04F79EFBC}") = "Unity.VisualScripting.State", "Unity.VisualScripting.State.Player.csproj", "{E75BDEB2-32A7-9C3F-886A-A571E83F6BCD}"
EndProject
Project("{FAE04EC0-301F-11D3-BF4B-00C04F79EFBC}") = "Unity.TextMeshPro", "Unity.TextMeshPro.Player.csproj", "{A24EE31C-3C33-8806-DDC3-20CF2D0066BE}"
EndProject
Project("{FAE04EC0-301F-11D3-BF4B-00C04F79EFBC}") = "BehaviourAPI.UnityToolkit.GUIDesigner.Runtime", "BehaviourAPI.UnityToolkit.GUIDesigner.Runtime.Player.csproj", "{D1D6FEE4-00E7-8B73-EFA0-2DD222A08592}"
EndProject
Project("{FAE04EC0-301F-11D3-BF4B-00C04F79EFBC}") = "BehaviourAPI.StateMachines", "BehaviourAPI.StateMachines.Player.csproj", "{F4CBBDAC-350D-F688-2FA7-3A0DC6B2F549}"
EndProject
Project("{FAE04EC0-301F-11D3-BF4B-00C04F79EFBC}") = "BehaviourAPI.UtilitySystems", "BehaviourAPI.UtilitySystems.Player.csproj", "{C92BF7BE-6FDE-BEF1-0473-248799222581}"
EndProject
Project("{FAE04EC0-301F-11D3-BF4B-00C04F79EFBC}") = "BehaviourAPI.UnityToolkit.Editor", "BehaviourAPI.UnityToolkit.Editor.Player.csproj", "{31844A09-0718-61E5-237B-B2747144D569}"
EndProject
Global
	GlobalSection(SolutionConfigurationPlatforms) = preSolution
		Debug|Any CPU = Debug|Any CPU
		Release|Any CPU = Release|Any CPU
	EndGlobalSection
	GlobalSection(ProjectConfigurationPlatforms) = postSolution
		{931B1481-087B-7148-683A-98E98FE0A4FE}.Debug|Any CPU.ActiveCfg = Debug|Any CPU
		{931B1481-087B-7148-683A-98E98FE0A4FE}.Debug|Any CPU.Build.0 = Debug|Any CPU
		{931B1481-087B-7148-683A-98E98FE0A4FE}.Release|Any CPU.ActiveCfg = Release|Any CPU
		{931B1481-087B-7148-683A-98E98FE0A4FE}.Release|Any CPU.Build.0 = Release|Any CPU
		{E68CA1C8-32F8-8682-79C6-C7B98F37CC4D}.Debug|Any CPU.ActiveCfg = Debug|Any CPU
		{E68CA1C8-32F8-8682-79C6-C7B98F37CC4D}.Debug|Any CPU.Build.0 = Debug|Any CPU
		{E68CA1C8-32F8-8682-79C6-C7B98F37CC4D}.Release|Any CPU.ActiveCfg = Release|Any CPU
		{E68CA1C8-32F8-8682-79C6-C7B98F37CC4D}.Release|Any CPU.Build.0 = Release|Any CPU
		{A3BFC3A5-C016-CC08-D1E6-A01B62E937E4}.Debug|Any CPU.ActiveCfg = Debug|Any CPU
		{A3BFC3A5-C016-CC08-D1E6-A01B62E937E4}.Debug|Any CPU.Build.0 = Debug|Any CPU
		{A3BFC3A5-C016-CC08-D1E6-A01B62E937E4}.Release|Any CPU.ActiveCfg = Release|Any CPU
		{A3BFC3A5-C016-CC08-D1E6-A01B62E937E4}.Release|Any CPU.Build.0 = Release|Any CPU
		{E331B918-B91A-5F9A-F283-EC7C40F5957D}.Debug|Any CPU.ActiveCfg = Debug|Any CPU
		{E331B918-B91A-5F9A-F283-EC7C40F5957D}.Debug|Any CPU.Build.0 = Debug|Any CPU
		{E331B918-B91A-5F9A-F283-EC7C40F5957D}.Release|Any CPU.ActiveCfg = Release|Any CPU
		{E331B918-B91A-5F9A-F283-EC7C40F5957D}.Release|Any CPU.Build.0 = Release|Any CPU
		{CAD89D19-F2CC-B93F-84AD-CC0DD1F9BA64}.Debug|Any CPU.ActiveCfg = Debug|Any CPU
		{CAD89D19-F2CC-B93F-84AD-CC0DD1F9BA64}.Debug|Any CPU.Build.0 = Debug|Any CPU
		{CAD89D19-F2CC-B93F-84AD-CC0DD1F9BA64}.Release|Any CPU.ActiveCfg = Release|Any CPU
		{CAD89D19-F2CC-B93F-84AD-CC0DD1F9BA64}.Release|Any CPU.Build.0 = Release|Any CPU
		{54D6C7CD-4122-8E0A-A61E-31C7E4BEE88E}.Debug|Any CPU.ActiveCfg = Debug|Any CPU
		{54D6C7CD-4122-8E0A-A61E-31C7E4BEE88E}.Debug|Any CPU.Build.0 = Debug|Any CPU
		{54D6C7CD-4122-8E0A-A61E-31C7E4BEE88E}.Release|Any CPU.ActiveCfg = Release|Any CPU
		{54D6C7CD-4122-8E0A-A61E-31C7E4BEE88E}.Release|Any CPU.Build.0 = Release|Any CPU
		{457C3572-0A1C-35C2-5F2A-38210B15E188}.Debug|Any CPU.ActiveCfg = Debug|Any CPU
		{457C3572-0A1C-35C2-5F2A-38210B15E188}.Debug|Any CPU.Build.0 = Debug|Any CPU
		{457C3572-0A1C-35C2-5F2A-38210B15E188}.Release|Any CPU.ActiveCfg = Release|Any CPU
		{457C3572-0A1C-35C2-5F2A-38210B15E188}.Release|Any CPU.Build.0 = Release|Any CPU
		{10043446-4F7D-1BB7-2289-4FE222AFFD53}.Debug|Any CPU.ActiveCfg = Debug|Any CPU
		{10043446-4F7D-1BB7-2289-4FE222AFFD53}.Debug|Any CPU.Build.0 = Debug|Any CPU
		{10043446-4F7D-1BB7-2289-4FE222AFFD53}.Release|Any CPU.ActiveCfg = Release|Any CPU
		{10043446-4F7D-1BB7-2289-4FE222AFFD53}.Release|Any CPU.Build.0 = Release|Any CPU
		{1C42B042-6BF2-6663-2942-E12ABA4AB438}.Debug|Any CPU.ActiveCfg = Debug|Any CPU
		{1C42B042-6BF2-6663-2942-E12ABA4AB438}.Debug|Any CPU.Build.0 = Debug|Any CPU
		{1C42B042-6BF2-6663-2942-E12ABA4AB438}.Release|Any CPU.ActiveCfg = Release|Any CPU
		{1C42B042-6BF2-6663-2942-E12ABA4AB438}.Release|Any CPU.Build.0 = Release|Any CPU
		{3D06AF27-F03E-CA1F-2F9D-FA7E68863701}.Debug|Any CPU.ActiveCfg = Debug|Any CPU
		{3D06AF27-F03E-CA1F-2F9D-FA7E68863701}.Debug|Any CPU.Build.0 = Debug|Any CPU
		{3D06AF27-F03E-CA1F-2F9D-FA7E68863701}.Release|Any CPU.ActiveCfg = Release|Any CPU
		{3D06AF27-F03E-CA1F-2F9D-FA7E68863701}.Release|Any CPU.Build.0 = Release|Any CPU
		{6B87CD37-DDED-D32A-F238-2FDDCF90AC03}.Debug|Any CPU.ActiveCfg = Debug|Any CPU
		{6B87CD37-DDED-D32A-F238-2FDDCF90AC03}.Debug|Any CPU.Build.0 = Debug|Any CPU
		{6B87CD37-DDED-D32A-F238-2FDDCF90AC03}.Release|Any CPU.ActiveCfg = Release|Any CPU
		{6B87CD37-DDED-D32A-F238-2FDDCF90AC03}.Release|Any CPU.Build.0 = Release|Any CPU
		{2B2491E3-F6E8-C90D-B9D4-C4A472162A2A}.Debug|Any CPU.ActiveCfg = Debug|Any CPU
		{2B2491E3-F6E8-C90D-B9D4-C4A472162A2A}.Debug|Any CPU.Build.0 = Debug|Any CPU
		{2B2491E3-F6E8-C90D-B9D4-C4A472162A2A}.Release|Any CPU.ActiveCfg = Release|Any CPU
		{2B2491E3-F6E8-C90D-B9D4-C4A472162A2A}.Release|Any CPU.Build.0 = Release|Any CPU
		{7642F6EA-76C2-5544-CBBE-A443648CAD44}.Debug|Any CPU.ActiveCfg = Debug|Any CPU
		{7642F6EA-76C2-5544-CBBE-A443648CAD44}.Debug|Any CPU.Build.0 = Debug|Any CPU
		{7642F6EA-76C2-5544-CBBE-A443648CAD44}.Release|Any CPU.ActiveCfg = Release|Any CPU
		{7642F6EA-76C2-5544-CBBE-A443648CAD44}.Release|Any CPU.Build.0 = Release|Any CPU
		{BEE83388-7972-A04C-76A8-9FC6E6ACFD2C}.Debug|Any CPU.ActiveCfg = Debug|Any CPU
		{BEE83388-7972-A04C-76A8-9FC6E6ACFD2C}.Debug|Any CPU.Build.0 = Debug|Any CPU
		{BEE83388-7972-A04C-76A8-9FC6E6ACFD2C}.Release|Any CPU.ActiveCfg = Release|Any CPU
		{BEE83388-7972-A04C-76A8-9FC6E6ACFD2C}.Release|Any CPU.Build.0 = Release|Any CPU
		{7647B0EE-3882-65DD-D5DE-D82C7943EE9C}.Debug|Any CPU.ActiveCfg = Debug|Any CPU
		{7647B0EE-3882-65DD-D5DE-D82C7943EE9C}.Debug|Any CPU.Build.0 = Debug|Any CPU
		{7647B0EE-3882-65DD-D5DE-D82C7943EE9C}.Release|Any CPU.ActiveCfg = Release|Any CPU
		{7647B0EE-3882-65DD-D5DE-D82C7943EE9C}.Release|Any CPU.Build.0 = Release|Any CPU
		{D9EA7659-02F7-7D65-E93E-BD2E021485A7}.Debug|Any CPU.ActiveCfg = Debug|Any CPU
		{D9EA7659-02F7-7D65-E93E-BD2E021485A7}.Debug|Any CPU.Build.0 = Debug|Any CPU
		{D9EA7659-02F7-7D65-E93E-BD2E021485A7}.Release|Any CPU.ActiveCfg = Release|Any CPU
		{D9EA7659-02F7-7D65-E93E-BD2E021485A7}.Release|Any CPU.Build.0 = Release|Any CPU
		{3022C079-9306-1E8B-7450-773511BF0A1E}.Debug|Any CPU.ActiveCfg = Debug|Any CPU
		{3022C079-9306-1E8B-7450-773511BF0A1E}.Debug|Any CPU.Build.0 = Debug|Any CPU
		{3022C079-9306-1E8B-7450-773511BF0A1E}.Release|Any CPU.ActiveCfg = Release|Any CPU
		{3022C079-9306-1E8B-7450-773511BF0A1E}.Release|Any CPU.Build.0 = Release|Any CPU
		{83D4B752-F600-1872-48BF-0A5126639F39}.Debug|Any CPU.ActiveCfg = Debug|Any CPU
		{83D4B752-F600-1872-48BF-0A5126639F39}.Debug|Any CPU.Build.0 = Debug|Any CPU
		{83D4B752-F600-1872-48BF-0A5126639F39}.Release|Any CPU.ActiveCfg = Release|Any CPU
		{83D4B752-F600-1872-48BF-0A5126639F39}.Release|Any CPU.Build.0 = Release|Any CPU
		{5916DCB6-A09A-78BF-3430-413ADB40F88C}.Debug|Any CPU.ActiveCfg = Debug|Any CPU
		{5916DCB6-A09A-78BF-3430-413ADB40F88C}.Debug|Any CPU.Build.0 = Debug|Any CPU
		{5916DCB6-A09A-78BF-3430-413ADB40F88C}.Release|Any CPU.ActiveCfg = Release|Any CPU
		{5916DCB6-A09A-78BF-3430-413ADB40F88C}.Release|Any CPU.Build.0 = Release|Any CPU
		{B9185AED-41EF-1653-056A-D80594983A88}.Debug|Any CPU.ActiveCfg = Debug|Any CPU
		{B9185AED-41EF-1653-056A-D80594983A88}.Debug|Any CPU.Build.0 = Debug|Any CPU
		{B9185AED-41EF-1653-056A-D80594983A88}.Release|Any CPU.ActiveCfg = Release|Any CPU
		{B9185AED-41EF-1653-056A-D80594983A88}.Release|Any CPU.Build.0 = Release|Any CPU
		{210DA1C6-C7AD-C4F7-1F37-55867B2E8069}.Debug|Any CPU.ActiveCfg = Debug|Any CPU
		{210DA1C6-C7AD-C4F7-1F37-55867B2E8069}.Debug|Any CPU.Build.0 = Debug|Any CPU
		{210DA1C6-C7AD-C4F7-1F37-55867B2E8069}.Release|Any CPU.ActiveCfg = Release|Any CPU
		{210DA1C6-C7AD-C4F7-1F37-55867B2E8069}.Release|Any CPU.Build.0 = Release|Any CPU
		{3E897B5D-7065-7623-2008-31B45A211E55}.Debug|Any CPU.ActiveCfg = Debug|Any CPU
		{3E897B5D-7065-7623-2008-31B45A211E55}.Debug|Any CPU.Build.0 = Debug|Any CPU
		{3E897B5D-7065-7623-2008-31B45A211E55}.Release|Any CPU.ActiveCfg = Release|Any CPU
		{3E897B5D-7065-7623-2008-31B45A211E55}.Release|Any CPU.Build.0 = Release|Any CPU
		{D1407BB7-E919-DD28-A1F2-0ED7F3DAA9BB}.Debug|Any CPU.ActiveCfg = Debug|Any CPU
		{D1407BB7-E919-DD28-A1F2-0ED7F3DAA9BB}.Debug|Any CPU.Build.0 = Debug|Any CPU
		{D1407BB7-E919-DD28-A1F2-0ED7F3DAA9BB}.Release|Any CPU.ActiveCfg = Release|Any CPU
		{D1407BB7-E919-DD28-A1F2-0ED7F3DAA9BB}.Release|Any CPU.Build.0 = Release|Any CPU
		{858688A1-4526-CE58-6273-B4CEC43ED0F1}.Debug|Any CPU.ActiveCfg = Debug|Any CPU
		{858688A1-4526-CE58-6273-B4CEC43ED0F1}.Debug|Any CPU.Build.0 = Debug|Any CPU
		{858688A1-4526-CE58-6273-B4CEC43ED0F1}.Release|Any CPU.ActiveCfg = Release|Any CPU
		{858688A1-4526-CE58-6273-B4CEC43ED0F1}.Release|Any CPU.Build.0 = Release|Any CPU
		{B9CDF1F1-748A-852B-098E-D70C0C2CA7CD}.Debug|Any CPU.ActiveCfg = Debug|Any CPU
		{B9CDF1F1-748A-852B-098E-D70C0C2CA7CD}.Debug|Any CPU.Build.0 = Debug|Any CPU
		{B9CDF1F1-748A-852B-098E-D70C0C2CA7CD}.Release|Any CPU.ActiveCfg = Release|Any CPU
		{B9CDF1F1-748A-852B-098E-D70C0C2CA7CD}.Release|Any CPU.Build.0 = Release|Any CPU
		{D3FF223D-46BA-3C3A-1D99-C6E41110B99C}.Debug|Any CPU.ActiveCfg = Debug|Any CPU
		{D3FF223D-46BA-3C3A-1D99-C6E41110B99C}.Debug|Any CPU.Build.0 = Debug|Any CPU
		{D3FF223D-46BA-3C3A-1D99-C6E41110B99C}.Release|Any CPU.ActiveCfg = Release|Any CPU
		{D3FF223D-46BA-3C3A-1D99-C6E41110B99C}.Release|Any CPU.Build.0 = Release|Any CPU
		{4D472570-7644-D783-0865-BB83EC5ED87A}.Debug|Any CPU.ActiveCfg = Debug|Any CPU
		{4D472570-7644-D783-0865-BB83EC5ED87A}.Debug|Any CPU.Build.0 = Debug|Any CPU
		{4D472570-7644-D783-0865-BB83EC5ED87A}.Release|Any CPU.ActiveCfg = Release|Any CPU
		{4D472570-7644-D783-0865-BB83EC5ED87A}.Release|Any CPU.Build.0 = Release|Any CPU
		{15F0A371-2990-84B1-4B9A-E06ECDD930A1}.Debug|Any CPU.ActiveCfg = Debug|Any CPU
		{15F0A371-2990-84B1-4B9A-E06ECDD930A1}.Debug|Any CPU.Build.0 = Debug|Any CPU
		{15F0A371-2990-84B1-4B9A-E06ECDD930A1}.Release|Any CPU.ActiveCfg = Release|Any CPU
		{15F0A371-2990-84B1-4B9A-E06ECDD930A1}.Release|Any CPU.Build.0 = Release|Any CPU
		{C450AE57-9514-5FCC-D96B-CE488D8C37C8}.Debug|Any CPU.ActiveCfg = Debug|Any CPU
		{C450AE57-9514-5FCC-D96B-CE488D8C37C8}.Debug|Any CPU.Build.0 = Debug|Any CPU
		{C450AE57-9514-5FCC-D96B-CE488D8C37C8}.Release|Any CPU.ActiveCfg = Release|Any CPU
		{C450AE57-9514-5FCC-D96B-CE488D8C37C8}.Release|Any CPU.Build.0 = Release|Any CPU
		{283EF4F3-4EFE-C5E8-42CE-F3CE4CCE68B0}.Debug|Any CPU.ActiveCfg = Debug|Any CPU
		{283EF4F3-4EFE-C5E8-42CE-F3CE4CCE68B0}.Debug|Any CPU.Build.0 = Debug|Any CPU
		{283EF4F3-4EFE-C5E8-42CE-F3CE4CCE68B0}.Release|Any CPU.ActiveCfg = Release|Any CPU
		{283EF4F3-4EFE-C5E8-42CE-F3CE4CCE68B0}.Release|Any CPU.Build.0 = Release|Any CPU
		{73CCB4A2-883D-D6CA-50FA-989E4E56CF13}.Debug|Any CPU.ActiveCfg = Debug|Any CPU
		{73CCB4A2-883D-D6CA-50FA-989E4E56CF13}.Debug|Any CPU.Build.0 = Debug|Any CPU
		{73CCB4A2-883D-D6CA-50FA-989E4E56CF13}.Release|Any CPU.ActiveCfg = Release|Any CPU
		{73CCB4A2-883D-D6CA-50FA-989E4E56CF13}.Release|Any CPU.Build.0 = Release|Any CPU
		{4304729B-896A-53A8-C49D-88AB7A7730FA}.Debug|Any CPU.ActiveCfg = Debug|Any CPU
		{4304729B-896A-53A8-C49D-88AB7A7730FA}.Debug|Any CPU.Build.0 = Debug|Any CPU
		{4304729B-896A-53A8-C49D-88AB7A7730FA}.Release|Any CPU.ActiveCfg = Release|Any CPU
		{4304729B-896A-53A8-C49D-88AB7A7730FA}.Release|Any CPU.Build.0 = Release|Any CPU
		{8996D9BA-26F2-D302-E872-1F0DAF866680}.Debug|Any CPU.ActiveCfg = Debug|Any CPU
		{8996D9BA-26F2-D302-E872-1F0DAF866680}.Debug|Any CPU.Build.0 = Debug|Any CPU
		{8996D9BA-26F2-D302-E872-1F0DAF866680}.Release|Any CPU.ActiveCfg = Release|Any CPU
		{8996D9BA-26F2-D302-E872-1F0DAF866680}.Release|Any CPU.Build.0 = Release|Any CPU
		{EAB9F500-3BC2-60D4-A301-D710D6323A8D}.Debug|Any CPU.ActiveCfg = Debug|Any CPU
		{EAB9F500-3BC2-60D4-A301-D710D6323A8D}.Debug|Any CPU.Build.0 = Debug|Any CPU
		{EAB9F500-3BC2-60D4-A301-D710D6323A8D}.Release|Any CPU.ActiveCfg = Release|Any CPU
		{EAB9F500-3BC2-60D4-A301-D710D6323A8D}.Release|Any CPU.Build.0 = Release|Any CPU
		{9F623606-7C3C-4A63-FC6B-368E05DF9343}.Debug|Any CPU.ActiveCfg = Debug|Any CPU
		{9F623606-7C3C-4A63-FC6B-368E05DF9343}.Debug|Any CPU.Build.0 = Debug|Any CPU
		{9F623606-7C3C-4A63-FC6B-368E05DF9343}.Release|Any CPU.ActiveCfg = Release|Any CPU
		{9F623606-7C3C-4A63-FC6B-368E05DF9343}.Release|Any CPU.Build.0 = Release|Any CPU
		{2B160D92-5E14-E45E-F554-BE2C7C05D4E0}.Debug|Any CPU.ActiveCfg = Debug|Any CPU
		{2B160D92-5E14-E45E-F554-BE2C7C05D4E0}.Debug|Any CPU.Build.0 = Debug|Any CPU
		{2B160D92-5E14-E45E-F554-BE2C7C05D4E0}.Release|Any CPU.ActiveCfg = Release|Any CPU
		{2B160D92-5E14-E45E-F554-BE2C7C05D4E0}.Release|Any CPU.Build.0 = Release|Any CPU
		{8546E589-F147-2033-313F-5556BFE5479A}.Debug|Any CPU.ActiveCfg = Debug|Any CPU
		{8546E589-F147-2033-313F-5556BFE5479A}.Debug|Any CPU.Build.0 = Debug|Any CPU
		{8546E589-F147-2033-313F-5556BFE5479A}.Release|Any CPU.ActiveCfg = Release|Any CPU
		{8546E589-F147-2033-313F-5556BFE5479A}.Release|Any CPU.Build.0 = Release|Any CPU
		{305BEAA6-5725-5CC8-1931-4A0740C14910}.Debug|Any CPU.ActiveCfg = Debug|Any CPU
		{305BEAA6-5725-5CC8-1931-4A0740C14910}.Debug|Any CPU.Build.0 = Debug|Any CPU
		{305BEAA6-5725-5CC8-1931-4A0740C14910}.Release|Any CPU.ActiveCfg = Release|Any CPU
		{305BEAA6-5725-5CC8-1931-4A0740C14910}.Release|Any CPU.Build.0 = Release|Any CPU
		{8AE8BF6A-0C76-9343-787C-170689D916EA}.Debug|Any CPU.ActiveCfg = Debug|Any CPU
		{8AE8BF6A-0C76-9343-787C-170689D916EA}.Debug|Any CPU.Build.0 = Debug|Any CPU
		{8AE8BF6A-0C76-9343-787C-170689D916EA}.Release|Any CPU.ActiveCfg = Release|Any CPU
		{8AE8BF6A-0C76-9343-787C-170689D916EA}.Release|Any CPU.Build.0 = Release|Any CPU
		{6AD2663D-2DE0-6017-6D64-D90CF1C80798}.Debug|Any CPU.ActiveCfg = Debug|Any CPU
		{6AD2663D-2DE0-6017-6D64-D90CF1C80798}.Debug|Any CPU.Build.0 = Debug|Any CPU
		{6AD2663D-2DE0-6017-6D64-D90CF1C80798}.Release|Any CPU.ActiveCfg = Release|Any CPU
		{6AD2663D-2DE0-6017-6D64-D90CF1C80798}.Release|Any CPU.Build.0 = Release|Any CPU
		{F6FB9271-C08D-B4CB-5B26-6A08249E4BD2}.Debug|Any CPU.ActiveCfg = Debug|Any CPU
		{F6FB9271-C08D-B4CB-5B26-6A08249E4BD2}.Debug|Any CPU.Build.0 = Debug|Any CPU
		{F6FB9271-C08D-B4CB-5B26-6A08249E4BD2}.Release|Any CPU.ActiveCfg = Release|Any CPU
		{F6FB9271-C08D-B4CB-5B26-6A08249E4BD2}.Release|Any CPU.Build.0 = Release|Any CPU
		{4BF09F49-D683-001E-CD41-5FFD14D841E7}.Debug|Any CPU.ActiveCfg = Debug|Any CPU
		{4BF09F49-D683-001E-CD41-5FFD14D841E7}.Debug|Any CPU.Build.0 = Debug|Any CPU
		{4BF09F49-D683-001E-CD41-5FFD14D841E7}.Release|Any CPU.ActiveCfg = Release|Any CPU
		{4BF09F49-D683-001E-CD41-5FFD14D841E7}.Release|Any CPU.Build.0 = Release|Any CPU
		{6D04AD85-ABD7-0838-55BA-A3A7ED0F2EF2}.Debug|Any CPU.ActiveCfg = Debug|Any CPU
		{6D04AD85-ABD7-0838-55BA-A3A7ED0F2EF2}.Debug|Any CPU.Build.0 = Debug|Any CPU
		{6D04AD85-ABD7-0838-55BA-A3A7ED0F2EF2}.Release|Any CPU.ActiveCfg = Release|Any CPU
		{6D04AD85-ABD7-0838-55BA-A3A7ED0F2EF2}.Release|Any CPU.Build.0 = Release|Any CPU
		{A69E57DD-3EBC-44F1-09A0-ED1B2FC765C3}.Debug|Any CPU.ActiveCfg = Debug|Any CPU
		{A69E57DD-3EBC-44F1-09A0-ED1B2FC765C3}.Debug|Any CPU.Build.0 = Debug|Any CPU
		{A69E57DD-3EBC-44F1-09A0-ED1B2FC765C3}.Release|Any CPU.ActiveCfg = Release|Any CPU
		{A69E57DD-3EBC-44F1-09A0-ED1B2FC765C3}.Release|Any CPU.Build.0 = Release|Any CPU
		{3AC45D7E-FBE2-BD78-2A7B-AFCDD389E5DB}.Debug|Any CPU.ActiveCfg = Debug|Any CPU
		{3AC45D7E-FBE2-BD78-2A7B-AFCDD389E5DB}.Debug|Any CPU.Build.0 = Debug|Any CPU
		{3AC45D7E-FBE2-BD78-2A7B-AFCDD389E5DB}.Release|Any CPU.ActiveCfg = Release|Any CPU
		{3AC45D7E-FBE2-BD78-2A7B-AFCDD389E5DB}.Release|Any CPU.Build.0 = Release|Any CPU
		{D8BCB6B9-0690-216B-86EC-B93E668CE4E4}.Debug|Any CPU.ActiveCfg = Debug|Any CPU
		{D8BCB6B9-0690-216B-86EC-B93E668CE4E4}.Debug|Any CPU.Build.0 = Debug|Any CPU
		{D8BCB6B9-0690-216B-86EC-B93E668CE4E4}.Release|Any CPU.ActiveCfg = Release|Any CPU
		{D8BCB6B9-0690-216B-86EC-B93E668CE4E4}.Release|Any CPU.Build.0 = Release|Any CPU
		{CC28EA6E-564A-6BE3-4AF9-D0467C8D2448}.Debug|Any CPU.ActiveCfg = Debug|Any CPU
		{CC28EA6E-564A-6BE3-4AF9-D0467C8D2448}.Debug|Any CPU.Build.0 = Debug|Any CPU
		{CC28EA6E-564A-6BE3-4AF9-D0467C8D2448}.Release|Any CPU.ActiveCfg = Release|Any CPU
		{CC28EA6E-564A-6BE3-4AF9-D0467C8D2448}.Release|Any CPU.Build.0 = Release|Any CPU
		{35D74DFF-D2B5-CF51-0210-28F667B06B22}.Debug|Any CPU.ActiveCfg = Debug|Any CPU
		{35D74DFF-D2B5-CF51-0210-28F667B06B22}.Debug|Any CPU.Build.0 = Debug|Any CPU
		{35D74DFF-D2B5-CF51-0210-28F667B06B22}.Release|Any CPU.ActiveCfg = Release|Any CPU
		{35D74DFF-D2B5-CF51-0210-28F667B06B22}.Release|Any CPU.Build.0 = Release|Any CPU
		{7D0B09E6-34F0-17CF-5773-26875EFEA741}.Debug|Any CPU.ActiveCfg = Debug|Any CPU
		{7D0B09E6-34F0-17CF-5773-26875EFEA741}.Debug|Any CPU.Build.0 = Debug|Any CPU
		{7D0B09E6-34F0-17CF-5773-26875EFEA741}.Release|Any CPU.ActiveCfg = Release|Any CPU
		{7D0B09E6-34F0-17CF-5773-26875EFEA741}.Release|Any CPU.Build.0 = Release|Any CPU
		{652CB0A3-4AC2-A6BD-8F32-D8ADD9AF2106}.Debug|Any CPU.ActiveCfg = Debug|Any CPU
		{652CB0A3-4AC2-A6BD-8F32-D8ADD9AF2106}.Debug|Any CPU.Build.0 = Debug|Any CPU
		{652CB0A3-4AC2-A6BD-8F32-D8ADD9AF2106}.Release|Any CPU.ActiveCfg = Release|Any CPU
		{652CB0A3-4AC2-A6BD-8F32-D8ADD9AF2106}.Release|Any CPU.Build.0 = Release|Any CPU
		{E75BDEB2-32A7-9C3F-886A-A571E83F6BCD}.Debug|Any CPU.ActiveCfg = Debug|Any CPU
		{E75BDEB2-32A7-9C3F-886A-A571E83F6BCD}.Debug|Any CPU.Build.0 = Debug|Any CPU
		{E75BDEB2-32A7-9C3F-886A-A571E83F6BCD}.Release|Any CPU.ActiveCfg = Release|Any CPU
		{E75BDEB2-32A7-9C3F-886A-A571E83F6BCD}.Release|Any CPU.Build.0 = Release|Any CPU
		{A24EE31C-3C33-8806-DDC3-20CF2D0066BE}.Debug|Any CPU.ActiveCfg = Debug|Any CPU
		{A24EE31C-3C33-8806-DDC3-20CF2D0066BE}.Debug|Any CPU.Build.0 = Debug|Any CPU
		{A24EE31C-3C33-8806-DDC3-20CF2D0066BE}.Release|Any CPU.ActiveCfg = Release|Any CPU
		{A24EE31C-3C33-8806-DDC3-20CF2D0066BE}.Release|Any CPU.Build.0 = Release|Any CPU
		{D1D6FEE4-00E7-8B73-EFA0-2DD222A08592}.Debug|Any CPU.ActiveCfg = Debug|Any CPU
		{D1D6FEE4-00E7-8B73-EFA0-2DD222A08592}.Debug|Any CPU.Build.0 = Debug|Any CPU
		{D1D6FEE4-00E7-8B73-EFA0-2DD222A08592}.Release|Any CPU.ActiveCfg = Release|Any CPU
		{D1D6FEE4-00E7-8B73-EFA0-2DD222A08592}.Release|Any CPU.Build.0 = Release|Any CPU
		{F4CBBDAC-350D-F688-2FA7-3A0DC6B2F549}.Debug|Any CPU.ActiveCfg = Debug|Any CPU
		{F4CBBDAC-350D-F688-2FA7-3A0DC6B2F549}.Debug|Any CPU.Build.0 = Debug|Any CPU
		{F4CBBDAC-350D-F688-2FA7-3A0DC6B2F549}.Release|Any CPU.ActiveCfg = Release|Any CPU
		{F4CBBDAC-350D-F688-2FA7-3A0DC6B2F549}.Release|Any CPU.Build.0 = Release|Any CPU
		{C92BF7BE-6FDE-BEF1-0473-248799222581}.Debug|Any CPU.ActiveCfg = Debug|Any CPU
		{C92BF7BE-6FDE-BEF1-0473-248799222581}.Debug|Any CPU.Build.0 = Debug|Any CPU
		{C92BF7BE-6FDE-BEF1-0473-248799222581}.Release|Any CPU.ActiveCfg = Release|Any CPU
		{C92BF7BE-6FDE-BEF1-0473-248799222581}.Release|Any CPU.Build.0 = Release|Any CPU
		{31844A09-0718-61E5-237B-B2747144D569}.Debug|Any CPU.ActiveCfg = Debug|Any CPU
		{31844A09-0718-61E5-237B-B2747144D569}.Debug|Any CPU.Build.0 = Debug|Any CPU
		{31844A09-0718-61E5-237B-B2747144D569}.Release|Any CPU.ActiveCfg = Release|Any CPU
		{31844A09-0718-61E5-237B-B2747144D569}.Release|Any CPU.Build.0 = Release|Any CPU
	EndGlobalSection
	GlobalSection(SolutionProperties) = preSolution
		HideSolutionNode = FALSE
	EndGlobalSection
EndGlobal
